
Microsoft Visual Studio Solution File, Format Version 12.00
Project("{FAE04EC0-301F-11D3-BF4B-00C04F79EFBC}") = "NumberToRubleConverter", "NumberToRubleConverter.csproj", "{14A5E22D-A15B-450A-A62E-144750804367}"
EndProject
Project("{FAE04EC0-301F-11D3-BF4B-00C04F79EFBC}") = "NumberToRubleConverter.Tests", "..\NumberToRubleConverter.Tests\NumberToRubleConverter.Tests.csproj", "{5AC5ED5B-CCC8-48A6-8D4B-085F243C87E5}"
EndProject
Global
	GlobalSection(SolutionConfigurationPlatforms) = preSolution
		Debug|Any CPU = Debug|Any CPU
		Release|Any CPU = Release|Any CPU
	EndGlobalSection
	GlobalSection(ProjectConfigurationPlatforms) = postSolution
		{14A5E22D-A15B-450A-A62E-144750804367}.Debug|Any CPU.ActiveCfg = Debug|Any CPU
		{14A5E22D-A15B-450A-A62E-144750804367}.Debug|Any CPU.Build.0 = Debug|Any CPU
		{14A5E22D-A15B-450A-A62E-144750804367}.Release|Any CPU.ActiveCfg = Release|Any CPU
		{14A5E22D-A15B-450A-A62E-144750804367}.Release|Any CPU.Build.0 = Release|Any CPU
		{5AC5ED5B-CCC8-48A6-8D4B-085F243C87E5}.Debug|Any CPU.ActiveCfg = Debug|Any CPU
		{5AC5ED5B-CCC8-48A6-8D4B-085F243C87E5}.Debug|Any CPU.Build.0 = Debug|Any CPU
		{5AC5ED5B-CCC8-48A6-8D4B-085F243C87E5}.Release|Any CPU.ActiveCfg = Release|Any CPU
		{5AC5ED5B-CCC8-48A6-8D4B-085F243C87E5}.Release|Any CPU.Build.0 = Release|Any CPU
	EndGlobalSection
EndGlobal
